
Microsoft Visual Studio Solution File, Format Version 12.00
# Visual Studio Version 17
VisualStudioVersion = 17.3.32819.101
MinimumVisualStudioVersion = 10.0.40219.1
Project("{FAE04EC0-301F-11D3-BF4B-00C04F79EFBC}") = "Assignment2", "Assignment2\Assignment2.csproj", "{A048CAD8-A56A-4EBC-B656-05762EEB7744}"
EndProject
Global
	GlobalSection(SolutionConfigurationPlatforms) = preSolution
		Debug|Any CPU = Debug|Any CPU
		Release|Any CPU = Release|Any CPU
	EndGlobalSection
	GlobalSection(ProjectConfigurationPlatforms) = postSolution
		{A048CAD8-A56A-4EBC-B656-05762EEB7744}.Debug|Any CPU.ActiveCfg = Debug|Any CPU
		{A048CAD8-A56A-4EBC-B656-05762EEB7744}.Debug|Any CPU.Build.0 = Debug|Any CPU
		{A048CAD8-A56A-4EBC-B656-05762EEB7744}.Release|Any CPU.ActiveCfg = Release|Any CPU
		{A048CAD8-A56A-4EBC-B656-05762EEB7744}.Release|Any CPU.Build.0 = Release|Any CPU
	EndGlobalSection
	GlobalSection(SolutionProperties) = preSolution
		HideSolutionNode = FALSE
	EndGlobalSection
	GlobalSection(ExtensibilityGlobals) = postSolution
		SolutionGuid = {693B3CA4-4360-4E5A-B90F-CD56993585BC}
	EndGlobalSection
EndGlobal
